Microsoft Visual Studio Solution File, Format Version 12.00
# Visual Studio Version 17
VisualStudioVersion = 17.1.32210.238
MinimumVisualStudioVersion = 10.0.40219.1
Project("{9A19103F-16F7-4668-BE54-9A1E7A4F7556}") = "VEC.API", "src\VEC.API\VEC.API.csproj", "{42431E6F-3FA2-4C7E-B313-00C18FC5062D}"
EndProject
Project("{9A19103F-16F7-4668-BE54-9A1E7A4F7556}") = "VEC.Domain", "src\VEC.Domain\VEC.Domain.csproj", "{D473A6E2-D723-4B70-99EA-C91D95EC3B8D}"
EndProject
Project("{9A19103F-16F7-4668-BE54-9A1E7A4F7556}") = "VEC.Infrastructure", "src\VEC.Infrastructure\VEC.Infrastructure.csproj", "{A7D202B1-047F-45A9-9938-56C33ED87FE9}"
EndProject
Project("{9A19103F-16F7-4668-BE54-9A1E7A4F7556}") = "VEC.Services", "src\VEC.Services\VEC.Services.csproj", "{04D1DB92-1387-472A-80B5-373D2570AB11}"
EndProject
Global
	GlobalSection(SolutionConfigurationPlatforms) = preSolution
		Debug|Any CPU = Debug|Any CPU
		Release|Any CPU = Release|Any CPU
	EndGlobalSection
	GlobalSection(ProjectConfigurationPlatforms) = postSolution
		{42431E6F-3FA2-4C7E-B313-00C18FC5062D}.Debug|Any CPU.ActiveCfg = Debug|Any CPU
		{42431E6F-3FA2-4C7E-B313-00C18FC5062D}.Debug|Any CPU.Build.0 = Debug|Any CPU
		{42431E6F-3FA2-4C7E-B313-00C18FC5062D}.Release|Any CPU.ActiveCfg = Release|Any CPU
		{42431E6F-3FA2-4C7E-B313-00C18FC5062D}.Release|Any CPU.Build.0 = Release|Any CPU
		{D473A6E2-D723-4B70-99EA-C91D95EC3B8D}.Debug|Any CPU.ActiveCfg = Debug|Any CPU
		{D473A6E2-D723-4B70-99EA-C91D95EC3B8D}.Debug|Any CPU.Build.0 = Debug|Any CPU
		{D473A6E2-D723-4B70-99EA-C91D95EC3B8D}.Release|Any CPU.ActiveCfg = Release|Any CPU
		{D473A6E2-D723-4B70-99EA-C91D95EC3B8D}.Release|Any CPU.Build.0 = Release|Any CPU
		{A7D202B1-047F-45A9-9938-56C33ED87FE9}.Debug|Any CPU.ActiveCfg = Debug|Any CPU
		{A7D202B1-047F-45A9-9938-56C33ED87FE9}.Debug|Any CPU.Build.0 = Debug|Any CPU
		{A7D202B1-047F-45A9-9938-56C33ED87FE9}.Release|Any CPU.ActiveCfg = Release|Any CPU
		{A7D202B1-047F-45A9-9938-56C33ED87FE9}.Release|Any CPU.Build.0 = Release|Any CPU
		{04D1DB92-1387-472A-80B5-373D2570AB11}.Debug|Any CPU.ActiveCfg = Debug|Any CPU
		{04D1DB92-1387-472A-80B5-373D2570AB11}.Debug|Any CPU.Build.0 = Debug|Any CPU
		{04D1DB92-1387-472A-80B5-373D2570AB11}.Release|Any CPU.ActiveCfg = Release|Any CPU
		{04D1DB92-1387-472A-80B5-373D2570AB11}.Release|Any CPU.Build.0 = Release|Any CPU
	EndGlobalSection
	GlobalSection(SolutionProperties) = preSolution
		HideSolutionNode = FALSE
	EndGlobalSection
	GlobalSection(ExtensibilityGlobals) = postSolution
		SolutionGuid = {51F2B350-1F52-471B-B7CF-400281963073}
	EndGlobalSection
EndGlobal
